# Generated by pub
# See http://pub.dartlang.org/doc/glossary.html#lockfile
packages:
  analyzer:
    description: analyzer
    source: hosted
    version: "0.22.4"
  angular:
    description: angular
    source: hosted
    version: "1.1.0"
  angular_ui:
    description: angular_ui
    source: hosted
    version: "0.6.3"
  args:
    description: args
    source: hosted
    version: "0.12.2+3"
  aws_policy_expander_minimizer:
    description: aws_policy_expander_minimizer
    source: hosted
    version: "0.0.1"
  barback:
    description: barback
    source: hosted
    version: "0.15.2+2"
  browser:
    description: browser
    source: hosted
    version: "0.10.0+2"
  cli_util:
    description: cli_util
    source: hosted
    version: "0.0.1"
  code_transformers:
    description: code_transformers
    source: hosted
    version: "0.2.5"
  collection:
    description: collection
    source: hosted
    version: "0.9.4"
  csslib:
    description: csslib
    source: hosted
    version: "0.11.0+4"
  dart_to_js_script_rewriter:
    description: dart_to_js_script_rewriter
    source: hosted
    version: "0.0.2"
  di:
    description: di
    source: hosted
    version: "3.3.3"
  hammock:
    description: hammock
    source: hosted
    version: "0.4.0"
  html5lib:
    description: html5lib
    source: hosted
    version: "0.12.0"
  http_server:
    description: http_server
    source: hosted
    version: "0.9.5+1"
  initialize:
    description: initialize
    source: hosted
    version: "0.2.0"
  intl:
    description: intl
    source: hosted
    version: "0.11.12"
  logging:
    description: logging
    source: hosted
    version: "0.9.3"
  matcher:
    description: matcher
    source: hosted
    version: "0.10.1+1"
  mime:
    description: mime
    source: hosted
    version: "0.9.1"
  ng_infinite_scroll:
    description: ng_infinite_scroll
    source: hosted
    version: "0.2.0"
  observe:
    description: observe
    source: hosted
    version: "0.12.2+1"
  path:
    description: path
    source: hosted
    version: "1.3.2"
  perf_api:
    description: perf_api
    source: hosted
    version: "0.0.9"
  petitparser:
    description: petitparser
    source: hosted
    version: "1.3.4"
  pool:
    description: pool
    source: hosted
    version: "1.0.1"
  route_hierarchical:
    description: route_hierarchical
    source: hosted
    version: "0.6.1+1"
  smoke:
    description: smoke
    source: hosted
    version: "0.3.1"
  source_maps:
    description: source_maps
    source: hosted
    version: "0.10.0+1"
  source_span:
    description: source_span
    source: hosted
    version: "1.0.3"
  stack_trace:
    description: stack_trace
    source: hosted
    version: "1.1.1"
  unittest:
    description: unittest
    source: hosted
    version: "0.11.0+2"
  utf:
    description: utf
    source: hosted
    version: "0.9.0+2"
  watcher:
    description: watcher
    source: hosted
    version: "0.9.4"
  web_components:
    description: web_components
    source: hosted
    version: "0.10.1"
  when:
    description: when
    source: hosted
    version: "0.2.0"
  which:
    description: which
    source: hosted
    version: "0.1.2"
